
Microsoft Visual Studio Solution File, Format Version 12.00
Project("{FAE04EC0-301F-11D3-BF4B-00C04F79EFBC}") = "Logger", "Logger\Logger.csproj", "{9D2CD237-C719-414D-91B1-35D9083F700E}"
EndProject
Project("{2150E333-8FDC-42A3-9474-1A3956D46DE8}") = "Logger", "Logger", "{5FFDD396-0FE7-4918-A840-9728BF021623}"
EndProject
Project("{2150E333-8FDC-42A3-9474-1A3956D46DE8}") = "Domain", "Domain", "{6193B12A-B3CE-43E0-A5E1-DF9B2E135746}"
EndProject
Project("{2150E333-8FDC-42A3-9474-1A3956D46DE8}") = "Data", "Data", "{11C51856-9169-44D7-8447-6C34B2A450DB}"
EndProject
Project("{2150E333-8FDC-42A3-9474-1A3956D46DE8}") = "API", "API", "{AF0F44E8-EC6C-49DA-99EC-A48F12518F14}"
EndProject
Project("{2150E333-8FDC-42A3-9474-1A3956D46DE8}") = "Messaging", "Messaging", "{2BC60E15-D708-474C-8A38-693E6FB20A86}"
EndProject
Project("{FAE04EC0-301F-11D3-BF4B-00C04F79EFBC}") = "Domain", "Domain\Domain.csproj", "{4A326DA4-2F32-44BB-ADC4-92D62F1E96C1}"
EndProject
Project("{FAE04EC0-301F-11D3-BF4B-00C04F79EFBC}") = "API", "API\API.csproj", "{B5EF96EF-BD65-4C28-ACAA-B7DD0E0E1AFA}"
EndProject
Project("{FAE04EC0-301F-11D3-BF4B-00C04F79EFBC}") = "MongoDb", "MongoDb\MongoDb.csproj", "{5D242AD3-A6D8-4F68-96EF-101E9D8E2BE2}"
EndProject
Project("{2150E333-8FDC-42A3-9474-1A3956D46DE8}") = "Authentification", "Authentification", "{7F368D96-258C-42BB-90E2-64DA42213502}"
EndProject
Project("{FAE04EC0-301F-11D3-BF4B-00C04F79EFBC}") = "Authentification", "Authentification\Authentification.csproj", "{48590ACC-6580-4933-B28B-F170FB032174}"
EndProject
Project("{FAE04EC0-301F-11D3-BF4B-00C04F79EFBC}") = "FCM.Messaging", "FCM.Messaging\FCM.Messaging.csproj", "{660D7597-70D8-4104-B165-92FCBC0A1106}"
EndProject
Global
	GlobalSection(SolutionConfigurationPlatforms) = preSolution
		Debug|Any CPU = Debug|Any CPU
		Release|Any CPU = Release|Any CPU
	EndGlobalSection
	GlobalSection(ProjectConfigurationPlatforms) = postSolution
		{9D2CD237-C719-414D-91B1-35D9083F700E}.Debug|Any CPU.ActiveCfg = Debug|Any CPU
		{9D2CD237-C719-414D-91B1-35D9083F700E}.Debug|Any CPU.Build.0 = Debug|Any CPU
		{9D2CD237-C719-414D-91B1-35D9083F700E}.Release|Any CPU.ActiveCfg = Release|Any CPU
		{9D2CD237-C719-414D-91B1-35D9083F700E}.Release|Any CPU.Build.0 = Release|Any CPU
		{4A326DA4-2F32-44BB-ADC4-92D62F1E96C1}.Debug|Any CPU.ActiveCfg = Debug|Any CPU
		{4A326DA4-2F32-44BB-ADC4-92D62F1E96C1}.Debug|Any CPU.Build.0 = Debug|Any CPU
		{4A326DA4-2F32-44BB-ADC4-92D62F1E96C1}.Release|Any CPU.ActiveCfg = Release|Any CPU
		{4A326DA4-2F32-44BB-ADC4-92D62F1E96C1}.Release|Any CPU.Build.0 = Release|Any CPU
		{B5EF96EF-BD65-4C28-ACAA-B7DD0E0E1AFA}.Debug|Any CPU.ActiveCfg = Debug|Any CPU
		{B5EF96EF-BD65-4C28-ACAA-B7DD0E0E1AFA}.Debug|Any CPU.Build.0 = Debug|Any CPU
		{B5EF96EF-BD65-4C28-ACAA-B7DD0E0E1AFA}.Release|Any CPU.ActiveCfg = Release|Any CPU
		{B5EF96EF-BD65-4C28-ACAA-B7DD0E0E1AFA}.Release|Any CPU.Build.0 = Release|Any CPU
		{5D242AD3-A6D8-4F68-96EF-101E9D8E2BE2}.Debug|Any CPU.ActiveCfg = Debug|Any CPU
		{5D242AD3-A6D8-4F68-96EF-101E9D8E2BE2}.Debug|Any CPU.Build.0 = Debug|Any CPU
		{5D242AD3-A6D8-4F68-96EF-101E9D8E2BE2}.Release|Any CPU.ActiveCfg = Release|Any CPU
		{5D242AD3-A6D8-4F68-96EF-101E9D8E2BE2}.Release|Any CPU.Build.0 = Release|Any CPU
		{48590ACC-6580-4933-B28B-F170FB032174}.Debug|Any CPU.ActiveCfg = Debug|Any CPU
		{48590ACC-6580-4933-B28B-F170FB032174}.Debug|Any CPU.Build.0 = Debug|Any CPU
		{48590ACC-6580-4933-B28B-F170FB032174}.Release|Any CPU.ActiveCfg = Release|Any CPU
		{48590ACC-6580-4933-B28B-F170FB032174}.Release|Any CPU.Build.0 = Release|Any CPU
		{660D7597-70D8-4104-B165-92FCBC0A1106}.Debug|Any CPU.ActiveCfg = Debug|Any CPU
		{660D7597-70D8-4104-B165-92FCBC0A1106}.Debug|Any CPU.Build.0 = Debug|Any CPU
		{660D7597-70D8-4104-B165-92FCBC0A1106}.Release|Any CPU.ActiveCfg = Release|Any CPU
		{660D7597-70D8-4104-B165-92FCBC0A1106}.Release|Any CPU.Build.0 = Release|Any CPU
	EndGlobalSection
	GlobalSection(NestedProjects) = preSolution
		{9D2CD237-C719-414D-91B1-35D9083F700E} = {5FFDD396-0FE7-4918-A840-9728BF021623}
		{4A326DA4-2F32-44BB-ADC4-92D62F1E96C1} = {6193B12A-B3CE-43E0-A5E1-DF9B2E135746}
		{B5EF96EF-BD65-4C28-ACAA-B7DD0E0E1AFA} = {AF0F44E8-EC6C-49DA-99EC-A48F12518F14}
		{5D242AD3-A6D8-4F68-96EF-101E9D8E2BE2} = {11C51856-9169-44D7-8447-6C34B2A450DB}
		{48590ACC-6580-4933-B28B-F170FB032174} = {7F368D96-258C-42BB-90E2-64DA42213502}
		{660D7597-70D8-4104-B165-92FCBC0A1106} = {2BC60E15-D708-474C-8A38-693E6FB20A86}
	EndGlobalSection
EndGlobal
